
Microsoft Visual Studio Solution File, Format Version 12.00
# Visual Studio 15
VisualStudioVersion = 15.0.28307.106
MinimumVisualStudioVersion = 10.0.40219.1
Project("{9A19103F-16F7-4668-BE54-9A1E7A4F7556}") = "WebApi", "WebApi.csproj", "{EE62CCB4-2E7A-43A1-930F-661CABA241E1}"
EndProject
Global
	GlobalSection(SolutionConfigurationPlatforms) = preSolution
		Debug|Any CPU = Debug|Any CPU
		Release|Any CPU = Release|Any CPU
	EndGlobalSection
	GlobalSection(ProjectConfigurationPlatforms) = postSolution
		{EE62CCB4-2E7A-43A1-930F-661CABA241E1}.Debug|Any CPU.ActiveCfg = Debug|Any CPU
		{EE62CCB4-2E7A-43A1-930F-661CABA241E1}.Debug|Any CPU.Build.0 = Debug|Any CPU
		{EE62CCB4-2E7A-43A1-930F-661CABA241E1}.Release|Any CPU.ActiveCfg = Release|Any CPU
		{EE62CCB4-2E7A-43A1-930F-661CABA241E1}.Release|Any CPU.Build.0 = Release|Any CPU
	EndGlobalSection
	GlobalSection(SolutionProperties) = preSolution
		HideSolutionNode = FALSE
	EndGlobalSection
	GlobalSection(ExtensibilityGlobals) = postSolution
		SolutionGuid = {72C08E38-3D8B-4A46-B76F-1529737A5E63}
	EndGlobalSection
EndGlobal
